
Microsoft Visual Studio Solution File, Format Version 12.00
# Visual Studio Version 17
VisualStudioVersion = 17.14.36705.20 d17.14
MinimumVisualStudioVersion = 10.0.40219.1
Project("{FAE04EC0-301F-11D3-BF4B-00C04F79EFBC}") = "esercizio2", "esercizio2.csproj", "{14D6DB06-0AB6-4A6B-B7F6-7DA5837C1EA9}"
EndProject
Global
	GlobalSection(SolutionConfigurationPlatforms) = preSolution
		Debug|Any CPU = Debug|Any CPU
		Release|Any CPU = Release|Any CPU
	EndGlobalSection
	GlobalSection(ProjectConfigurationPlatforms) = postSolution
		{14D6DB06-0AB6-4A6B-B7F6-7DA5837C1EA9}.Debug|Any CPU.ActiveCfg = Debug|Any CPU
		{14D6DB06-0AB6-4A6B-B7F6-7DA5837C1EA9}.Debug|Any CPU.Build.0 = Debug|Any CPU
		{14D6DB06-0AB6-4A6B-B7F6-7DA5837C1EA9}.Release|Any CPU.ActiveCfg = Release|Any CPU
		{14D6DB06-0AB6-4A6B-B7F6-7DA5837C1EA9}.Release|Any CPU.Build.0 = Release|Any CPU
	EndGlobalSection
	GlobalSection(SolutionProperties) = preSolution
		HideSolutionNode = FALSE
	EndGlobalSection
	GlobalSection(ExtensibilityGlobals) = postSolution
		SolutionGuid = {3871AA2D-9E9F-40A9-B09D-F7A7D6432D94}
	EndGlobalSection
EndGlobal
